
Microsoft Visual Studio Solution File, Format Version 12.00
# Visual Studio Version 17
VisualStudioVersion = 17.7.34018.315
MinimumVisualStudioVersion = 10.0.40219.1
Project("{9A19103F-16F7-4668-BE54-9A1E7A4F7556}") = "DataAccess", "DataAccess\DataAccess.csproj", "{15CB0E39-A85C-485D-8E89-CDF056261CDC}"
EndProject
Project("{9A19103F-16F7-4668-BE54-9A1E7A4F7556}") = "BusinessLogic", "BusinessLogic\BusinessLogic.csproj", "{F470EF9B-D223-4AD9-9B85-B072EAF8C78C}"
EndProject
Project("{9A19103F-16F7-4668-BE54-9A1E7A4F7556}") = "Models", "Modles\Models.csproj", "{9761E921-5028-4DCD-843A-61D4ED1B72AC}"
EndProject
Project("{9A19103F-16F7-4668-BE54-9A1E7A4F7556}") = "UIModels", "UIModels\UIModels.csproj", "{BA65A238-D26D-450E-9929-B0C98C3BB345}"
EndProject
Project("{9A19103F-16F7-4668-BE54-9A1E7A4F7556}") = "TesterConsoleApp", "TesterConsoleApp\TesterConsoleApp.csproj", "{509BD6F6-0B66-4896-A393-7B872A00BEA1}"
EndProject
Project("{9A19103F-16F7-4668-BE54-9A1E7A4F7556}") = "UserInterface", "UserInterface\UserInterface.csproj", "{D55C6CD3-9F70-4847-88C9-98CB459A97D0}"
EndProject
Project("{9A19103F-16F7-4668-BE54-9A1E7A4F7556}") = "UnitTest", "UnitTest\UnitTest.csproj", "{9FBC2D1F-799B-4784-B356-101481B4C715}"
EndProject
Global
	GlobalSection(SolutionConfigurationPlatforms) = preSolution
		Debug|Any CPU = Debug|Any CPU
		Release|Any CPU = Release|Any CPU
	EndGlobalSection
	GlobalSection(ProjectConfigurationPlatforms) = postSolution
		{15CB0E39-A85C-485D-8E89-CDF056261CDC}.Debug|Any CPU.ActiveCfg = Debug|Any CPU
		{15CB0E39-A85C-485D-8E89-CDF056261CDC}.Debug|Any CPU.Build.0 = Debug|Any CPU
		{15CB0E39-A85C-485D-8E89-CDF056261CDC}.Release|Any CPU.ActiveCfg = Release|Any CPU
		{15CB0E39-A85C-485D-8E89-CDF056261CDC}.Release|Any CPU.Build.0 = Release|Any CPU
		{F470EF9B-D223-4AD9-9B85-B072EAF8C78C}.Debug|Any CPU.ActiveCfg = Debug|Any CPU
		{F470EF9B-D223-4AD9-9B85-B072EAF8C78C}.Debug|Any CPU.Build.0 = Debug|Any CPU
		{F470EF9B-D223-4AD9-9B85-B072EAF8C78C}.Release|Any CPU.ActiveCfg = Release|Any CPU
		{F470EF9B-D223-4AD9-9B85-B072EAF8C78C}.Release|Any CPU.Build.0 = Release|Any CPU
		{9761E921-5028-4DCD-843A-61D4ED1B72AC}.Debug|Any CPU.ActiveCfg = Debug|Any CPU
		{9761E921-5028-4DCD-843A-61D4ED1B72AC}.Debug|Any CPU.Build.0 = Debug|Any CPU
		{9761E921-5028-4DCD-843A-61D4ED1B72AC}.Release|Any CPU.ActiveCfg = Release|Any CPU
		{9761E921-5028-4DCD-843A-61D4ED1B72AC}.Release|Any CPU.Build.0 = Release|Any CPU
		{BA65A238-D26D-450E-9929-B0C98C3BB345}.Debug|Any CPU.ActiveCfg = Debug|Any CPU
		{BA65A238-D26D-450E-9929-B0C98C3BB345}.Debug|Any CPU.Build.0 = Debug|Any CPU
		{BA65A238-D26D-450E-9929-B0C98C3BB345}.Release|Any CPU.ActiveCfg = Release|Any CPU
		{BA65A238-D26D-450E-9929-B0C98C3BB345}.Release|Any CPU.Build.0 = Release|Any CPU
		{509BD6F6-0B66-4896-A393-7B872A00BEA1}.Debug|Any CPU.ActiveCfg = Debug|Any CPU
		{509BD6F6-0B66-4896-A393-7B872A00BEA1}.Debug|Any CPU.Build.0 = Debug|Any CPU
		{509BD6F6-0B66-4896-A393-7B872A00BEA1}.Release|Any CPU.ActiveCfg = Release|Any CPU
		{509BD6F6-0B66-4896-A393-7B872A00BEA1}.Release|Any CPU.Build.0 = Release|Any CPU
		{D55C6CD3-9F70-4847-88C9-98CB459A97D0}.Debug|Any CPU.ActiveCfg = Debug|Any CPU
		{D55C6CD3-9F70-4847-88C9-98CB459A97D0}.Debug|Any CPU.Build.0 = Debug|Any CPU
		{D55C6CD3-9F70-4847-88C9-98CB459A97D0}.Release|Any CPU.ActiveCfg = Release|Any CPU
		{D55C6CD3-9F70-4847-88C9-98CB459A97D0}.Release|Any CPU.Build.0 = Release|Any CPU
		{9FBC2D1F-799B-4784-B356-101481B4C715}.Debug|Any CPU.ActiveCfg = Debug|Any CPU
		{9FBC2D1F-799B-4784-B356-101481B4C715}.Debug|Any CPU.Build.0 = Debug|Any CPU
		{9FBC2D1F-799B-4784-B356-101481B4C715}.Release|Any CPU.ActiveCfg = Release|Any CPU
		{9FBC2D1F-799B-4784-B356-101481B4C715}.Release|Any CPU.Build.0 = Release|Any CPU
	EndGlobalSection
	GlobalSection(SolutionProperties) = preSolution
		HideSolutionNode = FALSE
	EndGlobalSection
	GlobalSection(ExtensibilityGlobals) = postSolution
		SolutionGuid = {764DA8CA-45DC-4BCF-8012-2C3FADD9A149}
	EndGlobalSection
EndGlobal
